// !$*UTF8*$!
{
	archiveVersion = 1;
	classes = {
	};
	objectVersion = 46;
	objects = {

/* Begin PBXBuildFile section */
		11CC3D341CB6549600828DC9 /* main.m in Sources */ = {isa = PBXBuildFile; fileRef = 11CC3D331CB6549600828DC9 /* main.m */; };
		11CC3D371CB6549600828DC9 /* AppDelegate.m in Sources */ = {isa = PBXBuildFile; fileRef = 11CC3D361CB6549600828DC9 /* AppDelegate.m */; };
		11CC3D3A1CB6549600828DC9 /* AFMapViewController.m in Sources */ = {isa = PBXBuildFile; fileRef = 11CC3D391CB6549600828DC9 /* AFMapViewController.m */; };
		11CC3D3D1CB6549600828DC9 /* Main.storyboard in Resources */ = {isa = PBXBuildFile; fileRef = 11CC3D3B1CB6549600828DC9 /* Main.storyboard */; };
		11CC3D3F1CB6549600828DC9 /* Assets.xcassets in Resources */ = {isa = PBXBuildFile; fileRef = 11CC3D3E1CB6549600828DC9 /* Assets.xcassets */; };
		11CC3D421CB6549600828DC9 /* LaunchScreen.storyboard in Resources */ = {isa = PBXBuildFile; fileRef = 11CC3D401CB6549600828DC9 /* LaunchScreen.storyboard */; };
		11CC3D4B1CB6555600828DC9 /* AFWebservice.m in Sources */ = {isa = PBXBuildFile; fileRef = 11CC3D4A1CB6555600828DC9 /* AFWebservice.m */; };
		11CC3D501CB657DF00828DC9 /* MapKit.framework in Frameworks */ = {isa = PBXBuildFile; fileRef = 11CC3D4F1CB657DF00828DC9 /* MapKit.framework */; };
		11CC3D791CB65A5500828DC9 /* MapTinkoffPartners.xcdatamodeld in Sources */ = {isa = PBXBuildFile; fileRef = 11CC3D771CB65A5500828DC9 /* MapTinkoffPartners.xcdatamodeld */; };
		11CC3D7C1CB6AB9A00828DC9 /* AFPlusView.m in Sources */ = {isa = PBXBuildFile; fileRef = 11CC3D7B1CB6AB9A00828DC9 /* AFPlusView.m */; };
		11CC3D7F1CB6ABA900828DC9 /* AFMinusView.m in Sources */ = {isa = PBXBuildFile; fileRef = 11CC3D7E1CB6ABA900828DC9 /* AFMinusView.m */; };
		11CC3D831CB6EA5700828DC9 /* AFCurentLocationView.m in Sources */ = {isa = PBXBuildFile; fileRef = 11CC3D821CB6EA5600828DC9 /* AFCurentLocationView.m */; };
		11CC3D981CB7EE9000828DC9 /* DepositionPoint+CoreDataProperties.m in Sources */ = {isa = PBXBuildFile; fileRef = 11CC3D911CB7EE9000828DC9 /* DepositionPoint+CoreDataProperties.m */; };
		11CC3D991CB7EE9000828DC9 /* DepositionPoint.m in Sources */ = {isa = PBXBuildFile; fileRef = 11CC3D931CB7EE9000828DC9 /* DepositionPoint.m */; };
		11CC3D9A1CB7EE9000828DC9 /* Partner+CoreDataProperties.m in Sources */ = {isa = PBXBuildFile; fileRef = 11CC3D951CB7EE9000828DC9 /* Partner+CoreDataProperties.m */; };
		11CC3D9B1CB7EE9000828DC9 /* Partner.m in Sources */ = {isa = PBXBuildFile; fileRef = 11CC3D971CB7EE9000828DC9 /* Partner.m */; };
		11CC3D9E1CB82FFA00828DC9 /* AFImporter.m in Sources */ = {isa = PBXBuildFile; fileRef = 11CC3D9D1CB82FFA00828DC9 /* AFImporter.m */; };
/* End PBXBuildFile section */

/* Begin PBXFileReference section */
		11CC3D2F1CB6549600828DC9 /* MapTinkoffPartners.app */ = {isa = PBXFileReference; explicitFileType = wrapper.application; includeInIndex = 0; path = MapTinkoffPartners.app; sourceTree = BUILT_PRODUCTS_DIR; };
		11CC3D331CB6549600828DC9 /* main.m */ = {isa = PBXFileReference; lastKnownFileType = sourcecode.c.objc; path = main.m; sourceTree = "<group>"; };
		11CC3D351CB6549600828DC9 /* AppDelegate.h */ = {isa = PBXFileReference; lastKnownFileType = sourcecode.c.h; path = AppDelegate.h; sourceTree = "<group>"; };
		11CC3D361CB6549600828DC9 /* AppDelegate.m */ = {isa = PBXFileReference; lastKnownFileType = sourcecode.c.objc; path = AppDelegate.m; sourceTree = "<group>"; };
		11CC3D381CB6549600828DC9 /* AFMapViewController.h */ = {isa = PBXFileReference; lastKnownFileType = sourcecode.c.h; path = AFMapViewController.h; sourceTree = "<group>"; };
		11CC3D391CB6549600828DC9 /* AFMapViewController.m */ = {isa = PBXFileReference; lastKnownFileType = sourcecode.c.objc; path = AFMapViewController.m; sourceTree = "<group>"; };
		11CC3D3C1CB6549600828DC9 /* Base */ = {isa = PBXFileReference; lastKnownFileType = file.storyboard; name = Base; path = Base.lproj/Main.storyboard; sourceTree = "<group>"; };
		11CC3D3E1CB6549600828DC9 /* Assets.xcassets */ = {isa = PBXFileReference; lastKnownFileType = folder.assetcatalog; path = Assets.xcassets; sourceTree = "<group>"; };
		11CC3D411CB6549600828DC9 /* Base */ = {isa = PBXFileReference; lastKnownFileType = file.storyboard; name = Base; path = Base.lproj/LaunchScreen.storyboard; sourceTree = "<group>"; };
		11CC3D431CB6549600828DC9 /* Info.plist */ = {isa = PBXFileReference; lastKnownFileType = text.plist.xml; path = Info.plist; sourceTree = "<group>"; };
		11CC3D491CB6555600828DC9 /* AFWebservice.h */ = {isa = PBXFileReference; fileEncoding = 4; lastKnownFileType = sourcecode.c.h; path = AFWebservice.h; sourceTree = "<group>"; };
		11CC3D4A1CB6555600828DC9 /* AFWebservice.m */ = {isa = PBXFileReference; fileEncoding = 4; lastKnownFileType = sourcecode.c.objc; path = AFWebservice.m; sourceTree = "<group>"; };
		11CC3D4F1CB657DF00828DC9 /* MapKit.framework */ = {isa = PBXFileReference; lastKnownFileType = wrapper.framework; name = MapKit.framework; path = System/Library/Frameworks/MapKit.framework; sourceTree = SDKROOT; };
		11CC3D781CB65A5500828DC9 /* MapTinkoffPartners.xcdatamodel */ = {isa = PBXFileReference; lastKnownFileType = wrapper.xcdatamodel; path = MapTinkoffPartners.xcdatamodel; sourceTree = "<group>"; };
		11CC3D7A1CB6AB9A00828DC9 /* AFPlusView.h */ = {isa = PBXFileReference; fileEncoding = 4; lastKnownFileType = sourcecode.c.h; path = AFPlusView.h; sourceTree = "<group>"; };
		11CC3D7B1CB6AB9A00828DC9 /* AFPlusView.m */ = {isa = PBXFileReference; fileEncoding = 4; lastKnownFileType = sourcecode.c.objc; path = AFPlusView.m; sourceTree = "<group>"; };
		11CC3D7D1CB6ABA900828DC9 /* AFMinusView.h */ = {isa = PBXFileReference; fileEncoding = 4; lastKnownFileType = sourcecode.c.h; path = AFMinusView.h; sourceTree = "<group>"; };
		11CC3D7E1CB6ABA900828DC9 /* AFMinusView.m */ = {isa = PBXFileReference; fileEncoding = 4; lastKnownFileType = sourcecode.c.objc; path = AFMinusView.m; sourceTree = "<group>"; };
		11CC3D811CB6EA5600828DC9 /* AFCurentLocationView.h */ = {isa = PBXFileReference; fileEncoding = 4; lastKnownFileType = sourcecode.c.h; path = AFCurentLocationView.h; sourceTree = "<group>"; };
		11CC3D821CB6EA5600828DC9 /* AFCurentLocationView.m */ = {isa = PBXFileReference; fileEncoding = 4; lastKnownFileType = sourcecode.c.objc; path = AFCurentLocationView.m; sourceTree = "<group>"; };
		11CC3D901CB7EE9000828DC9 /* DepositionPoint+CoreDataProperties.h */ = {isa = PBXFileReference; fileEncoding = 4; lastKnownFileType = sourcecode.c.h; path = "DepositionPoint+CoreDataProperties.h"; sourceTree = "<group>"; };
		11CC3D911CB7EE9000828DC9 /* DepositionPoint+CoreDataProperties.m */ = {isa = PBXFileReference; fileEncoding = 4; lastKnownFileType = sourcecode.c.objc; path = "DepositionPoint+CoreDataProperties.m"; sourceTree = "<group>"; };
		11CC3D921CB7EE9000828DC9 /* DepositionPoint.h */ = {isa = PBXFileReference; fileEncoding = 4; lastKnownFileType = sourcecode.c.h; path = DepositionPoint.h; sourceTree = "<group>"; };
		11CC3D931CB7EE9000828DC9 /* DepositionPoint.m */ = {isa = PBXFileReference; fileEncoding = 4; lastKnownFileType = sourcecode.c.objc; path = DepositionPoint.m; sourceTree = "<group>"; };
		11CC3D941CB7EE9000828DC9 /* Partner+CoreDataProperties.h */ = {isa = PBXFileReference; fileEncoding = 4; lastKnownFileType = sourcecode.c.h; path = "Partner+CoreDataProperties.h"; sourceTree = "<group>"; };
		11CC3D951CB7EE9000828DC9 /* Partner+CoreDataProperties.m */ = {isa = PBXFileReference; fileEncoding = 4; lastKnownFileType = sourcecode.c.objc; path = "Partner+CoreDataProperties.m"; sourceTree = "<group>"; };
		11CC3D961CB7EE9000828DC9 /* Partner.h */ = {isa = PBXFileReference; fileEncoding = 4; lastKnownFileType = sourcecode.c.h; path = Partner.h; sourceTree = "<group>"; };
		11CC3D971CB7EE9000828DC9 /* Partner.m */ = {isa = PBXFileReference; fileEncoding = 4; lastKnownFileType = sourcecode.c.objc; path = Partner.m; sourceTree = "<group>"; };
		11CC3D9C1CB82FFA00828DC9 /* AFImporter.h */ = {isa = PBXFileReference; fileEncoding = 4; lastKnownFileType = sourcecode.c.h; path = AFImporter.h; sourceTree = "<group>"; };
		11CC3D9D1CB82FFA00828DC9 /* AFImporter.m */ = {isa = PBXFileReference; fileEncoding = 4; lastKnownFileType = sourcecode.c.objc; path = AFImporter.m; sourceTree = "<group>"; };
/* End PBXFileReference section */

/* Begin PBXFrameworksBuildPhase section */
		11CC3D2C1CB6549600828DC9 /* Frameworks */ = {
			isa = PBXFrameworksBuildPhase;
			buildActionMask = 2147483647;
			files = (
				11CC3D501CB657DF00828DC9 /* MapKit.framework in Frameworks */,
			);
			runOnlyForDeploymentPostprocessing = 0;
		};
/* End PBXFrameworksBuildPhase section */

/* Begin PBXGroup section */
		11CC3D261CB6549600828DC9 = {
			isa = PBXGroup;
			children = (
				11CC3D4F1CB657DF00828DC9 /* MapKit.framework */,
				11CC3D311CB6549600828DC9 /* MapTinkoffPartners */,
				11CC3D301CB6549600828DC9 /* Products */,
			);
			sourceTree = "<group>";
		};
		11CC3D301CB6549600828DC9 /* Products */ = {
			isa = PBXGroup;
			children = (
				11CC3D2F1CB6549600828DC9 /* MapTinkoffPartners.app */,
			);
			name = Products;
			sourceTree = "<group>";
		};
		11CC3D311CB6549600828DC9 /* MapTinkoffPartners */ = {
			isa = PBXGroup;
			children = (
				11CC3D4D1CB6556700828DC9 /* Networking Extensions */,
				11CC3D4E1CB6559B00828DC9 /* Models */,
				11CC3D801CB6ABAE00828DC9 /* Views */,
				11CC3D351CB6549600828DC9 /* AppDelegate.h */,
				11CC3D361CB6549600828DC9 /* AppDelegate.m */,
				11CC3D381CB6549600828DC9 /* AFMapViewController.h */,
				11CC3D391CB6549600828DC9 /* AFMapViewController.m */,
				11CC3D3B1CB6549600828DC9 /* Main.storyboard */,
				11CC3D3E1CB6549600828DC9 /* Assets.xcassets */,
				11CC3D401CB6549600828DC9 /* LaunchScreen.storyboard */,
				11CC3D431CB6549600828DC9 /* Info.plist */,
				11CC3D321CB6549600828DC9 /* Supporting Files */,
				11CC3D771CB65A5500828DC9 /* MapTinkoffPartners.xcdatamodeld */,
			);
			path = MapTinkoffPartners;
			sourceTree = "<group>";
		};
		11CC3D321CB6549600828DC9 /* Supporting Files */ = {
			isa = PBXGroup;
			children = (
				11CC3D331CB6549600828DC9 /* main.m */,
			);
			name = "Supporting Files";
			sourceTree = "<group>";
		};
		11CC3D4D1CB6556700828DC9 /* Networking Extensions */ = {
			isa = PBXGroup;
			children = (
				11CC3D491CB6555600828DC9 /* AFWebservice.h */,
				11CC3D4A1CB6555600828DC9 /* AFWebservice.m */,
				11CC3D9C1CB82FFA00828DC9 /* AFImporter.h */,
				11CC3D9D1CB82FFA00828DC9 /* AFImporter.m */,
			);
			name = "Networking Extensions";
			sourceTree = "<group>";
		};
		11CC3D4E1CB6559B00828DC9 /* Models */ = {
			isa = PBXGroup;
			children = (
				11CC3D901CB7EE9000828DC9 /* DepositionPoint+CoreDataProperties.h */,
				11CC3D911CB7EE9000828DC9 /* DepositionPoint+CoreDataProperties.m */,
				11CC3D921CB7EE9000828DC9 /* DepositionPoint.h */,
				11CC3D931CB7EE9000828DC9 /* DepositionPoint.m */,
				11CC3D941CB7EE9000828DC9 /* Partner+CoreDataProperties.h */,
				11CC3D951CB7EE9000828DC9 /* Partner+CoreDataProperties.m */,
				11CC3D961CB7EE9000828DC9 /* Partner.h */,
				11CC3D971CB7EE9000828DC9 /* Partner.m */,
			);
			name = Models;
			sourceTree = "<group>";
		};
		11CC3D801CB6ABAE00828DC9 /* Views */ = {
			isa = PBXGroup;
			children = (
				11CC3D7A1CB6AB9A00828DC9 /* AFPlusView.h */,
				11CC3D7B1CB6AB9A00828DC9 /* AFPlusView.m */,
				11CC3D7D1CB6ABA900828DC9 /* AFMinusView.h */,
				11CC3D7E1CB6ABA900828DC9 /* AFMinusView.m */,
				11CC3D811CB6EA5600828DC9 /* AFCurentLocationView.h */,
				11CC3D821CB6EA5600828DC9 /* AFCurentLocationView.m */,
			);
			name = Views;
			sourceTree = "<group>";
		};
/* End PBXGroup section */

/* Begin PBXNativeTarget section */
		11CC3D2E1CB6549600828DC9 /* MapTinkoffPartners */ = {
			isa = PBXNativeTarget;
			buildConfigurationList = 11CC3D461CB6549600828DC9 /* Build configuration list for PBXNativeTarget "MapTinkoffPartners" */;
			buildPhases = (
				11CC3D2B1CB6549600828DC9 /* Sources */,
				11CC3D2C1CB6549600828DC9 /* Frameworks */,
				11CC3D2D1CB6549600828DC9 /* Resources */,
			);
			buildRules = (
			);
			dependencies = (
			);
			name = MapTinkoffPartners;
			productName = MapTinkoffPartners;
			productReference = 11CC3D2F1CB6549600828DC9 /* MapTinkoffPartners.app */;
			productType = "com.apple.product-type.application";
		};
/* End PBXNativeTarget section */

/* Begin PBXProject section */
		11CC3D271CB6549600828DC9 /* Project object */ = {
			isa = PBXProject;
			attributes = {
				LastUpgradeCheck = 0720;
				ORGANIZATIONNAME = Home;
				TargetAttributes = {
					11CC3D2E1CB6549600828DC9 = {
						CreatedOnToolsVersion = 7.2.1;
						DevelopmentTeam = 97857562T4;
					};
				};
			};
			buildConfigurationList = 11CC3D2A1CB6549600828DC9 /* Build configuration list for PBXProject "MapTinkoffPartners" */;
			compatibilityVersion = "Xcode 3.2";
			developmentRegion = English;
			hasScannedForEncodings = 0;
			knownRegions = (
				en,
				Base,
			);
			mainGroup = 11CC3D261CB6549600828DC9;
			productRefGroup = 11CC3D301CB6549600828DC9 /* Products */;
			projectDirPath = "";
			projectRoot = "";
			targets = (
				11CC3D2E1CB6549600828DC9 /* MapTinkoffPartners */,
			);
		};
/* End PBXProject section */

/* Begin PBXResourcesBuildPhase section */
		11CC3D2D1CB6549600828DC9 /* Resources */ = {
			isa = PBXResourcesBuildPhase;
			buildActionMask = 2147483647;
			files = (
				11CC3D421CB6549600828DC9 /* LaunchScreen.storyboard in Resources */,
				11CC3D3F1CB6549600828DC9 /* Assets.xcassets in Resources */,
				11CC3D3D1CB6549600828DC9 /* Main.storyboard in Resources */,
			);
			runOnlyForDeploymentPostprocessing = 0;
		};
/* End PBXResourcesBuildPhase section */

/* Begin PBXSourcesBuildPhase section */
		11CC3D2B1CB6549600828DC9 /* Sources */ = {
			isa = PBXSourcesBuildPhase;
			buildActionMask = 2147483647;
			files = (
				11CC3D9B1CB7EE9000828DC9 /* Partner.m in Sources */,
				11CC3D7F1CB6ABA900828DC9 /* AFMinusView.m in Sources */,
				11CC3D3A1CB6549600828DC9 /* AFMapViewController.m in Sources */,
				11CC3D9A1CB7EE9000828DC9 /* Partner+CoreDataProperties.m in Sources */,
				11CC3D981CB7EE9000828DC9 /* DepositionPoint+CoreDataProperties.m in Sources */,
				11CC3D4B1CB6555600828DC9 /* AFWebservice.m in Sources */,
				11CC3D371CB6549600828DC9 /* AppDelegate.m in Sources */,
				11CC3D341CB6549600828DC9 /* main.m in Sources */,
				11CC3D9E1CB82FFA00828DC9 /* AFImporter.m in Sources */,
				11CC3D831CB6EA5700828DC9 /* AFCurentLocationView.m in Sources */,
				11CC3D791CB65A5500828DC9 /* MapTinkoffPartners.xcdatamodeld in Sources */,
				11CC3D991CB7EE9000828DC9 /* DepositionPoint.m in Sources */,
				11CC3D7C1CB6AB9A00828DC9 /* AFPlusView.m in Sources */,
			);
			runOnlyForDeploymentPostprocessing = 0;
		};
/* End PBXSourcesBuildPhase section */

/* Begin PBXVariantGroup section */
		11CC3D3B1CB6549600828DC9 /* Main.storyboard */ = {
			isa = PBXVariantGroup;
			children = (
				11CC3D3C1CB6549600828DC9 /* Base */,
			);
			name = Main.storyboard;
			sourceTree = "<group>";
		};
		11CC3D401CB6549600828DC9 /* LaunchScreen.storyboard */ = {
			isa = PBXVariantGroup;
			children = (
				11CC3D411CB6549600828DC9 /* Base */,
			);
			name = LaunchScreen.storyboard;
			sourceTree = "<group>";
		};
/* End PBXVariantGroup section */

/* Begin XCBuildConfiguration section */
		11CC3D441CB6549600828DC9 /* Debug */ = {
			isa = XCBuildConfiguration;
			buildSettings = {
				ALWAYS_SEARCH_USER_PATHS = NO;
				CLANG_CXX_LANGUAGE_STANDARD = "gnu++0x";
				CLANG_CXX_LIBRARY = "libc++";
				CLANG_ENABLE_MODULES = YES;
				CLANG_ENABLE_OBJC_ARC = YES;
				CLANG_WARN_BOOL_CONVERSION = YES;
				CLANG_WARN_CONSTANT_CONVERSION = YES;
				CLANG_WARN_DIRECT_OBJC_ISA_USAGE = YES_ERROR;
				CLANG_WARN_EMPTY_BODY = YES;
				CLANG_WARN_ENUM_CONVERSION = YES;
				CLANG_WARN_INT_CONVERSION = YES;
				CLANG_WARN_OBJC_ROOT_CLASS = YES_ERROR;
				CLANG_WARN_UNREACHABLE_CODE = YES;
				CLANG_WARN__DUPLICATE_METHOD_MATCH = YES;
				"CODE_SIGN_IDENTITY[sdk=iphoneos*]" = "iPhone Developer";
				COPY_PHASE_STRIP = NO;
				DEBUG_INFORMATION_FORMAT = dwarf;
				ENABLE_STRICT_OBJC_MSGSEND = YES;
				ENABLE_TESTABILITY = YES;
				GCC_C_LANGUAGE_STANDARD = gnu99;
				GCC_DYNAMIC_NO_PIC = NO;
				GCC_NO_COMMON_BLOCKS = YES;
				GCC_OPTIMIZATION_LEVEL = 0;
				GCC_PREPROCESSOR_DEFINITIONS = (
					"DEBUG=1",
					"$(inherited)",
				);
				GCC_WARN_64_TO_32_BIT_CONVERSION = YES;
				GCC_WARN_ABOUT_RETURN_TYPE = YES_ERROR;
				GCC_WARN_UNDECLARED_SELECTOR = YES;
				GCC_WARN_UNINITIALIZED_AUTOS = YES_AGGRESSIVE;
				GCC_WARN_UNUSED_FUNCTION = YES;
				GCC_WARN_UNUSED_VARIABLE = YES;
				IPHONEOS_DEPLOYMENT_TARGET = 9.2;
				MTL_ENABLE_DEBUG_INFO = YES;
				ONLY_ACTIVE_ARCH = YES;
				SDKROOT = iphoneos;
			};
			name = Debug;
		};
		11CC3D451CB6549600828DC9 /* Release */ = {
			isa = XCBuildConfiguration;
			buildSettings = {
				ALWAYS_SEARCH_USER_PATHS = NO;
				CLANG_CXX_LANGUAGE_STANDARD = "gnu++0x";
				CLANG_CXX_LIBRARY = "libc++";
				CLANG_ENABLE_MODULES = YES;
				CLANG_ENABLE_OBJC_ARC = YES;
				CLANG_WARN_BOOL_CONVERSION = YES;
				CLANG_WARN_CONSTANT_CONVERSION = YES;
				CLANG_WARN_DIRECT_OBJC_ISA_USAGE = YES_ERROR;
				CLANG_WARN_EMPTY_BODY = YES;
				CLANG_WARN_ENUM_CONVERSION = YES;
				CLANG_WARN_INT_CONVERSION = YES;
				CLANG_WARN_OBJC_ROOT_CLASS = YES_ERROR;
				CLANG_WARN_UNREACHABLE_CODE = YES;
				CLANG_WARN__DUPLICATE_METHOD_MATCH = YES;
				"CODE_SIGN_IDENTITY[sdk=iphoneos*]" = "iPhone Developer";
				COPY_PHASE_STRIP = NO;
				DEBUG_INFORMATION_FORMAT = "dwarf-with-dsym";
				ENABLE_NS_ASSERTIONS = NO;
				ENABLE_STRICT_OBJC_MSGSEND = YES;
				GCC_C_LANGUAGE_STANDARD = gnu99;
				GCC_NO_COMMON_BLOCKS = YES;
				GCC_WARN_64_TO_32_BIT_CONVERSION = YES;
				GCC_WARN_ABOUT_RETURN_TYPE = YES_ERROR;
				GCC_WARN_UNDECLARED_SELECTOR = YES;
				GCC_WARN_UNINITIALIZED_AUTOS = YES_AGGRESSIVE;
				GCC_WARN_UNUSED_FUNCTION = YES;
				GCC_WARN_UNUSED_VARIABLE = YES;
				IPHONEOS_DEPLOYMENT_TARGET = 9.2;
				MTL_ENABLE_DEBUG_INFO = NO;
				SDKROOT = iphoneos;
				VALIDATE_PRODUCT = YES;
			};
			name = Release;
		};
		11CC3D471CB6549600828DC9 /* Debug */ = {
			isa = XCBuildConfiguration;
			buildSettings = {
				ASSETCATALOG_COMPILER_APPICON_NAME = AppIcon;
				INFOPLIST_FILE = MapTinkoffPartners/Info.plist;
				IPHONEOS_DEPLOYMENT_TARGET = 9.0;
				LD_RUNPATH_SEARCH_PATHS = "$(inherited) @executable_path/Frameworks";
				PRODUCT_BUNDLE_IDENTIFIER = ru.home.MapTinkoffPartners;
				PRODUCT_NAME = "$(TARGET_NAME)";
			};
			name = Debug;
		};
		11CC3D481CB6549600828DC9 /* Release */ = {
			isa = XCBuildConfiguration;
			buildSettings = {
				ASSETCATALOG_COMPILER_APPICON_NAME = AppIcon;
				INFOPLIST_FILE = MapTinkoffPartners/Info.plist;
				IPHONEOS_DEPLOYMENT_TARGET = 9.0;
				LD_RUNPATH_SEARCH_PATHS = "$(inherited) @executable_path/Frameworks";
				PRODUCT_BUNDLE_IDENTIFIER = ru.home.MapTinkoffPartners;
				PRODUCT_NAME = "$(TARGET_NAME)";
			};
			name = Release;
		};
/* End XCBuildConfiguration section */

/* Begin XCConfigurationList section */
		11CC3D2A1CB6549600828DC9 /* Build configuration list for PBXProject "MapTinkoffPartners" */ = {
			isa = XCConfigurationList;
			buildConfigurations = (
				11CC3D441CB6549600828DC9 /* Debug */,
				11CC3D451CB6549600828DC9 /* Release */,
			);
			defaultConfigurationIsVisible = 0;
			defaultConfigurationName = Release;
		};
		11CC3D461CB6549600828DC9 /* Build configuration list for PBXNativeTarget "MapTinkoffPartners" */ = {
			isa = XCConfigurationList;
			buildConfigurations = (
				11CC3D471CB6549600828DC9 /* Debug */,
				11CC3D481CB6549600828DC9 /* Release */,
			);
			defaultConfigurationIsVisible = 0;
		};
/* End XCConfigurationList section */

/* Begin XCVersionGroup section */
		11CC3D771CB65A5500828DC9 /* MapTinkoffPartners.xcdatamodeld */ = {
			isa = XCVersionGroup;
			children = (
				11CC3D781CB65A5500828DC9 /* MapTinkoffPartners.xcdatamodel */,
			);
			currentVersion = 11CC3D781CB65A5500828DC9 /* MapTinkoffPartners.xcdatamodel */;
			path = MapTinkoffPartners.xcdatamodeld;
			sourceTree = "<group>";
			versionGroupType = wrapper.xcdatamodel;
		};
/* End XCVersionGroup section */
	};
	rootObject = 11CC3D271CB6549600828DC9 /* Project object */;
}
